
Microsoft Visual Studio Solution File, Format Version 12.00
# Visual Studio Version 16
VisualStudioVersion = 16.0.29806.167
MinimumVisualStudioVersion = 10.0.40219.1
Project("{9A19103F-16F7-4668-BE54-9A1E7A4F7556}") = "PizzaAPI", "PizzaAPI.csproj", "{8FE56B8A-4BD8-4275-A6E2-7754DF5B406D}"
EndProject
Project("{9A19103F-16F7-4668-BE54-9A1E7A4F7556}") = "PizzaDomainService", "..\PizzaDomainService\PizzaDomainService.csproj", "{AE236901-2B47-4838-93AD-E5257BB5F2AA}"
EndProject
Project("{FAE04EC0-301F-11D3-BF4B-00C04F79EFBC}") = "PizzaEntities", "..\PizzaEntities\PizzaEntities.csproj", "{D212FFAC-5771-4114-9607-715A03E65BE2}"
EndProject
Project("{FAE04EC0-301F-11D3-BF4B-00C04F79EFBC}") = "PizzaStoreWeb", "..\PizzaStoreWeb\PizzaStoreWeb.csproj", "{E26B16FD-14BA-4EBE-8B2F-322354221EB7}"
EndProject
Global
	GlobalSection(SolutionConfigurationPlatforms) = preSolution
		Debug|Any CPU = Debug|Any CPU
		Release|Any CPU = Release|Any CPU
	EndGlobalSection
	GlobalSection(ProjectConfigurationPlatforms) = postSolution
		{8FE56B8A-4BD8-4275-A6E2-7754DF5B406D}.Debug|Any CPU.ActiveCfg = Debug|Any CPU
		{8FE56B8A-4BD8-4275-A6E2-7754DF5B406D}.Debug|Any CPU.Build.0 = Debug|Any CPU
		{8FE56B8A-4BD8-4275-A6E2-7754DF5B406D}.Release|Any CPU.ActiveCfg = Release|Any CPU
		{8FE56B8A-4BD8-4275-A6E2-7754DF5B406D}.Release|Any CPU.Build.0 = Release|Any CPU
		{AE236901-2B47-4838-93AD-E5257BB5F2AA}.Debug|Any CPU.ActiveCfg = Debug|Any CPU
		{AE236901-2B47-4838-93AD-E5257BB5F2AA}.Debug|Any CPU.Build.0 = Debug|Any CPU
		{AE236901-2B47-4838-93AD-E5257BB5F2AA}.Release|Any CPU.ActiveCfg = Release|Any CPU
		{AE236901-2B47-4838-93AD-E5257BB5F2AA}.Release|Any CPU.Build.0 = Release|Any CPU
		{D212FFAC-5771-4114-9607-715A03E65BE2}.Debug|Any CPU.ActiveCfg = Debug|Any CPU
		{D212FFAC-5771-4114-9607-715A03E65BE2}.Debug|Any CPU.Build.0 = Debug|Any CPU
		{D212FFAC-5771-4114-9607-715A03E65BE2}.Release|Any CPU.ActiveCfg = Release|Any CPU
		{D212FFAC-5771-4114-9607-715A03E65BE2}.Release|Any CPU.Build.0 = Release|Any CPU
		{E26B16FD-14BA-4EBE-8B2F-322354221EB7}.Debug|Any CPU.ActiveCfg = Debug|Any CPU
		{E26B16FD-14BA-4EBE-8B2F-322354221EB7}.Debug|Any CPU.Build.0 = Debug|Any CPU
		{E26B16FD-14BA-4EBE-8B2F-322354221EB7}.Release|Any CPU.ActiveCfg = Release|Any CPU
		{E26B16FD-14BA-4EBE-8B2F-322354221EB7}.Release|Any CPU.Build.0 = Release|Any CPU
	EndGlobalSection
	GlobalSection(SolutionProperties) = preSolution
		HideSolutionNode = FALSE
	EndGlobalSection
	GlobalSection(ExtensibilityGlobals) = postSolution
		SolutionGuid = {F04A7AFD-41FF-4513-9F18-AE3B8E030B60}
	EndGlobalSection
EndGlobal
